
Microsoft Visual Studio Solution File, Format Version 11.00
# Visual Studio 2010
Project("{FAE04EC0-301F-11D3-BF4B-00C04F79EFBC}") = "NGitHub", "src\NGitHub\NGitHub.csproj", "{873F8719-11AB-4C80-8183-6F50C2BA700F}"
EndProject
Project("{FAE04EC0-301F-11D3-BF4B-00C04F79EFBC}") = "NGitHub.Test", "test\NGitHub.Test\NGitHub.Test.csproj", "{0F822AD4-2511-40A2-8226-3DA38E074F54}"
EndProject
Project("{2150E333-8FDC-42A3-9474-1A3956D46DE8}") = "Solution Items", "Solution Items", "{1A15115C-2E1E-4164-AF62-0415E78A1999}"
	ProjectSection(SolutionItems) = preProject
		Local.testsettings = Local.testsettings
		NGitHub.vsmdi = NGitHub.vsmdi
		TraceAndTestImpact.testsettings = TraceAndTestImpact.testsettings
	EndProjectSection
EndProject
Project("{FAE04EC0-301F-11D3-BF4B-00C04F79EFBC}") = "NGitHub.WindowsPhone", "src\NGitHub.WindowsPhone\NGitHub.WindowsPhone.csproj", "{E8D94417-C6CB-40F7-AA1E-0E6EBDB046F1}"
EndProject
Project("{FAE04EC0-301F-11D3-BF4B-00C04F79EFBC}") = "NGitHub.SL4", "src\NGitHub.SL4\NGitHub.SL4.csproj", "{EB41006F-AE14-42B6-8C1F-186EA6C0A348}"
EndProject
Project("{2150E333-8FDC-42A3-9474-1A3956D46DE8}") = ".nuspec", ".nuspec", "{4E7A8D2B-4CB1-4C2E-86B0-A4953C733DAA}"
	ProjectSection(SolutionItems) = preProject
		NGitHub.nuspec = NGitHub.nuspec
	EndProjectSection
EndProject
Project("{FAE04EC0-301F-11D3-BF4B-00C04F79EFBC}") = "NGitHub.WindowsPhone.Mango", "src\NGitHub.WindowsPhone.Mango\NGitHub.WindowsPhone.Mango.csproj", "{E614C3B9-7BF4-4C75-9142-09AC057B6F46}"
EndProject
Global
	GlobalSection(TestCaseManagementSettings) = postSolution
		CategoryFile = NGitHub.vsmdi
	EndGlobalSection
	GlobalSection(SolutionConfigurationPlatforms) = preSolution
		Debug|Any CPU = Debug|Any CPU
		Debug|Mixed Platforms = Debug|Mixed Platforms
		Debug|x86 = Debug|x86
		Release|Any CPU = Release|Any CPU
		Release|Mixed Platforms = Release|Mixed Platforms
		Release|x86 = Release|x86
	EndGlobalSection
	GlobalSection(ProjectConfigurationPlatforms) = postSolution
		{873F8719-11AB-4C80-8183-6F50C2BA700F}.Debug|Any CPU.ActiveCfg = Debug|Any CPU
		{873F8719-11AB-4C80-8183-6F50C2BA700F}.Debug|Any CPU.Build.0 = Debug|Any CPU
		{873F8719-11AB-4C80-8183-6F50C2BA700F}.Debug|Mixed Platforms.ActiveCfg = Debug|Any CPU
		{873F8719-11AB-4C80-8183-6F50C2BA700F}.Debug|Mixed Platforms.Build.0 = Debug|Any CPU
		{873F8719-11AB-4C80-8183-6F50C2BA700F}.Debug|x86.ActiveCfg = Debug|Any CPU
		{873F8719-11AB-4C80-8183-6F50C2BA700F}.Release|Any CPU.ActiveCfg = Release|Any CPU
		{873F8719-11AB-4C80-8183-6F50C2BA700F}.Release|Any CPU.Build.0 = Release|Any CPU
		{873F8719-11AB-4C80-8183-6F50C2BA700F}.Release|Mixed Platforms.ActiveCfg = Release|Any CPU
		{873F8719-11AB-4C80-8183-6F50C2BA700F}.Release|Mixed Platforms.Build.0 = Release|Any CPU
		{873F8719-11AB-4C80-8183-6F50C2BA700F}.Release|x86.ActiveCfg = Release|Any CPU
		{0F822AD4-2511-40A2-8226-3DA38E074F54}.Debug|Any CPU.ActiveCfg = Debug|Any CPU
		{0F822AD4-2511-40A2-8226-3DA38E074F54}.Debug|Any CPU.Build.0 = Debug|Any CPU
		{0F822AD4-2511-40A2-8226-3DA38E074F54}.Debug|Mixed Platforms.ActiveCfg = Debug|Any CPU
		{0F822AD4-2511-40A2-8226-3DA38E074F54}.Debug|Mixed Platforms.Build.0 = Debug|Any CPU
		{0F822AD4-2511-40A2-8226-3DA38E074F54}.Debug|x86.ActiveCfg = Debug|Any CPU
		{0F822AD4-2511-40A2-8226-3DA38E074F54}.Release|Any CPU.ActiveCfg = Release|Any CPU
		{0F822AD4-2511-40A2-8226-3DA38E074F54}.Release|Any CPU.Build.0 = Release|Any CPU
		{0F822AD4-2511-40A2-8226-3DA38E074F54}.Release|Mixed Platforms.ActiveCfg = Release|Any CPU
		{0F822AD4-2511-40A2-8226-3DA38E074F54}.Release|Mixed Platforms.Build.0 = Release|Any CPU
		{0F822AD4-2511-40A2-8226-3DA38E074F54}.Release|x86.ActiveCfg = Release|Any CPU
		{E8D94417-C6CB-40F7-AA1E-0E6EBDB046F1}.Debug|Any CPU.ActiveCfg = Debug|Any CPU
		{E8D94417-C6CB-40F7-AA1E-0E6EBDB046F1}.Debug|Any CPU.Build.0 = Debug|Any CPU
		{E8D94417-C6CB-40F7-AA1E-0E6EBDB046F1}.Debug|Mixed Platforms.ActiveCfg = Debug|Any CPU
		{E8D94417-C6CB-40F7-AA1E-0E6EBDB046F1}.Debug|Mixed Platforms.Build.0 = Debug|Any CPU
		{E8D94417-C6CB-40F7-AA1E-0E6EBDB046F1}.Debug|x86.ActiveCfg = Debug|Any CPU
		{E8D94417-C6CB-40F7-AA1E-0E6EBDB046F1}.Release|Any CPU.ActiveCfg = Release|Any CPU
		{E8D94417-C6CB-40F7-AA1E-0E6EBDB046F1}.Release|Any CPU.Build.0 = Release|Any CPU
		{E8D94417-C6CB-40F7-AA1E-0E6EBDB046F1}.Release|Mixed Platforms.ActiveCfg = Release|Any CPU
		{E8D94417-C6CB-40F7-AA1E-0E6EBDB046F1}.Release|Mixed Platforms.Build.0 = Release|Any CPU
		{E8D94417-C6CB-40F7-AA1E-0E6EBDB046F1}.Release|x86.ActiveCfg = Release|Any CPU
		{EB41006F-AE14-42B6-8C1F-186EA6C0A348}.Debug|Any CPU.ActiveCfg = Debug|Any CPU
		{EB41006F-AE14-42B6-8C1F-186EA6C0A348}.Debug|Any CPU.Build.0 = Debug|Any CPU
		{EB41006F-AE14-42B6-8C1F-186EA6C0A348}.Debug|Mixed Platforms.ActiveCfg = Debug|Any CPU
		{EB41006F-AE14-42B6-8C1F-186EA6C0A348}.Debug|Mixed Platforms.Build.0 = Debug|Any CPU
		{EB41006F-AE14-42B6-8C1F-186EA6C0A348}.Debug|x86.ActiveCfg = Debug|Any CPU
		{EB41006F-AE14-42B6-8C1F-186EA6C0A348}.Release|Any CPU.ActiveCfg = Release|Any CPU
		{EB41006F-AE14-42B6-8C1F-186EA6C0A348}.Release|Any CPU.Build.0 = Release|Any CPU
		{EB41006F-AE14-42B6-8C1F-186EA6C0A348}.Release|Mixed Platforms.ActiveCfg = Release|Any CPU
		{EB41006F-AE14-42B6-8C1F-186EA6C0A348}.Release|Mixed Platforms.Build.0 = Release|Any CPU
		{EB41006F-AE14-42B6-8C1F-186EA6C0A348}.Release|x86.ActiveCfg = Release|Any CPU
		{E614C3B9-7BF4-4C75-9142-09AC057B6F46}.Debug|Any CPU.ActiveCfg = Debug|Any CPU
		{E614C3B9-7BF4-4C75-9142-09AC057B6F46}.Debug|Any CPU.Build.0 = Debug|Any CPU
		{E614C3B9-7BF4-4C75-9142-09AC057B6F46}.Debug|Mixed Platforms.ActiveCfg = Debug|Any CPU
		{E614C3B9-7BF4-4C75-9142-09AC057B6F46}.Debug|Mixed Platforms.Build.0 = Debug|Any CPU
		{E614C3B9-7BF4-4C75-9142-09AC057B6F46}.Debug|x86.ActiveCfg = Debug|Any CPU
		{E614C3B9-7BF4-4C75-9142-09AC057B6F46}.Release|Any CPU.ActiveCfg = Release|Any CPU
		{E614C3B9-7BF4-4C75-9142-09AC057B6F46}.Release|Any CPU.Build.0 = Release|Any CPU
		{E614C3B9-7BF4-4C75-9142-09AC057B6F46}.Release|Mixed Platforms.ActiveCfg = Release|Any CPU
		{E614C3B9-7BF4-4C75-9142-09AC057B6F46}.Release|Mixed Platforms.Build.0 = Release|Any CPU
		{E614C3B9-7BF4-4C75-9142-09AC057B6F46}.Release|x86.ActiveCfg = Release|Any CPU
	EndGlobalSection
	GlobalSection(SolutionProperties) = preSolution
		HideSolutionNode = FALSE
	EndGlobalSection
EndGlobal
